
Microsoft Visual Studio Solution File, Format Version 12.00
# Visual Studio Version 16
VisualStudioVersion = 16.0.31205.134
MinimumVisualStudioVersion = 10.0.40219.1
Project("{FAE04EC0-301F-11D3-BF4B-00C04F79EFBC}") = "TestSorts", "TestSorts.csproj", "{FCEC3DFA-2E32-4B1A-868C-4B0214275F88}"
EndProject
Global
	GlobalSection(SolutionConfigurationPlatforms) = preSolution
		Debug|Any CPU = Debug|Any CPU
		Release|Any CPU = Release|Any CPU
	EndGlobalSection
	GlobalSection(ProjectConfigurationPlatforms) = postSolution
		{FCEC3DFA-2E32-4B1A-868C-4B0214275F88}.Debug|Any CPU.ActiveCfg = Debug|Any CPU
		{FCEC3DFA-2E32-4B1A-868C-4B0214275F88}.Debug|Any CPU.Build.0 = Debug|Any CPU
		{FCEC3DFA-2E32-4B1A-868C-4B0214275F88}.Release|Any CPU.ActiveCfg = Release|Any CPU
		{FCEC3DFA-2E32-4B1A-868C-4B0214275F88}.Release|Any CPU.Build.0 = Release|Any CPU
	EndGlobalSection
	GlobalSection(SolutionProperties) = preSolution
		HideSolutionNode = FALSE
	EndGlobalSection
	GlobalSection(ExtensibilityGlobals) = postSolution
		SolutionGuid = {FB1BBC39-59CD-4BDC-B570-69C5020DB5E9}
	EndGlobalSection
EndGlobal
